// !$*UTF8*$!
{
	archiveVersion = 1;
	classes = {
	};
	objectVersion = 56;
	objects = {

/* Begin PBXBuildFile section */
		A738186D2D9DF2C1004166AB /* ProjetoFinalApp.swift in Sources */ = {isa = PBXBuildFile; fileRef = A738186C2D9DF2C1004166AB /* ProjetoFinalApp.swift */; };
		A738186F2D9DF2C1004166AB /* ContentView.swift in Sources */ = {isa = PBXBuildFile; fileRef = A738186E2D9DF2C1004166AB /* ContentView.swift */; };
		A73818712D9DF2C2004166AB /* Assets.xcassets in Resources */ = {isa = PBXBuildFile; fileRef = A73818702D9DF2C2004166AB /* Assets.xcassets */; };
		A73818742D9DF2C2004166AB /* Preview Assets.xcassets in Resources */ = {isa = PBXBuildFile; fileRef = A73818732D9DF2C2004166AB /* Preview Assets.xcassets */; };
		A738187E2D9DF2C2004166AB /* ProjetoFinalTests.swift in Sources */ = {isa = PBXBuildFile; fileRef = A738187D2D9DF2C2004166AB /* ProjetoFinalTests.swift */; };
		A73818882D9DF2C2004166AB /* ProjetoFinalUITests.swift in Sources */ = {isa = PBXBuildFile; fileRef = A73818872D9DF2C2004166AB /* ProjetoFinalUITests.swift */; };
		A738188A2D9DF2C2004166AB /* ProjetoFinalUITestsLaunchTests.swift in Sources */ = {isa = PBXBuildFile; fileRef = A73818892D9DF2C2004166AB /* ProjetoFinalUITestsLaunchTests.swift */; };
		A73818982D9E0455004166AB /* Gastos.swift in Sources */ = {isa = PBXBuildFile; fileRef = A73818972D9E0455004166AB /* Gastos.swift */; };
		A738189A2D9E04BE004166AB /* Ganhos.swift in Sources */ = {isa = PBXBuildFile; fileRef = A73818992D9E04BE004166AB /* Ganhos.swift */; };
		A738189C2D9E04ED004166AB /* Graficos.swift in Sources */ = {isa = PBXBuildFile; fileRef = A738189B2D9E04ED004166AB /* Graficos.swift */; };
/* End PBXBuildFile section */

/* Begin PBXContainerItemProxy section */
		A738187A2D9DF2C2004166AB /* PBXContainerItemProxy */ = {
			isa = PBXContainerItemProxy;
			containerPortal = A73818612D9DF2C1004166AB /* Project object */;
			proxyType = 1;
			remoteGlobalIDString = A73818682D9DF2C1004166AB;
			remoteInfo = ProjetoFinal;
		};
		A73818842D9DF2C2004166AB /* PBXContainerItemProxy */ = {
			isa = PBXContainerItemProxy;
			containerPortal = A73818612D9DF2C1004166AB /* Project object */;
			proxyType = 1;
			remoteGlobalIDString = A73818682D9DF2C1004166AB;
			remoteInfo = ProjetoFinal;
		};
/* End PBXContainerItemProxy section */

/* Begin PBXFileReference section */
		A73818692D9DF2C1004166AB /* ProjetoFinal.app */ = {isa = PBXFileReference; explicitFileType = wrapper.application; includeInIndex = 0; path = ProjetoFinal.app; sourceTree = BUILT_PRODUCTS_DIR; };
		A738186C2D9DF2C1004166AB /* ProjetoFinalApp.swift */ = {isa = PBXFileReference; lastKnownFileType = sourcecode.swift; path = ProjetoFinalApp.swift; sourceTree = "<group>"; };
		A738186E2D9DF2C1004166AB /* ContentView.swift */ = {isa = PBXFileReference; lastKnownFileType = sourcecode.swift; path = ContentView.swift; sourceTree = "<group>"; };
		A73818702D9DF2C2004166AB /* Assets.xcassets */ = {isa = PBXFileReference; lastKnownFileType = folder.assetcatalog; path = Assets.xcassets; sourceTree = "<group>"; };
		A73818732D9DF2C2004166AB /* Preview Assets.xcassets */ = {isa = PBXFileReference; lastKnownFileType = folder.assetcatalog; path = "Preview Assets.xcassets"; sourceTree = "<group>"; };
		A73818792D9DF2C2004166AB /* ProjetoFinalTests.xctest */ = {isa = PBXFileReference; explicitFileType = wrapper.cfbundle; includeInIndex = 0; path = ProjetoFinalTests.xctest; sourceTree = BUILT_PRODUCTS_DIR; };
		A738187D2D9DF2C2004166AB /* ProjetoFinalTests.swift */ = {isa = PBXFileReference; lastKnownFileType = sourcecode.swift; path = ProjetoFinalTests.swift; sourceTree = "<group>"; };
		A73818832D9DF2C2004166AB /* ProjetoFinalUITests.xctest */ = {isa = PBXFileReference; explicitFileType = wrapper.cfbundle; includeInIndex = 0; path = ProjetoFinalUITests.xctest; sourceTree = BUILT_PRODUCTS_DIR; };
		A73818872D9DF2C2004166AB /* ProjetoFinalUITests.swift */ = {isa = PBXFileReference; lastKnownFileType = sourcecode.swift; path = ProjetoFinalUITests.swift; sourceTree = "<group>"; };
		A73818892D9DF2C2004166AB /* ProjetoFinalUITestsLaunchTests.swift */ = {isa = PBXFileReference; lastKnownFileType = sourcecode.swift; path = ProjetoFinalUITestsLaunchTests.swift; sourceTree = "<group>"; };
		A73818972D9E0455004166AB /* Gastos.swift */ = {isa = PBXFileReference; lastKnownFileType = sourcecode.swift; path = Gastos.swift; sourceTree = "<group>"; };
		A73818992D9E04BE004166AB /* Ganhos.swift */ = {isa = PBXFileReference; lastKnownFileType = sourcecode.swift; path = Ganhos.swift; sourceTree = "<group>"; };
		A738189B2D9E04ED004166AB /* Graficos.swift */ = {isa = PBXFileReference; lastKnownFileType = sourcecode.swift; path = Graficos.swift; sourceTree = "<group>"; };
/* End PBXFileReference section */

/* Begin PBXFrameworksBuildPhase section */
		A73818662D9DF2C1004166AB /* Frameworks */ = {
			isa = PBXFrameworksBuildPhase;
			buildActionMask = 2147483647;
			files = (
			);
			runOnlyForDeploymentPostprocessing = 0;
		};
		A73818762D9DF2C2004166AB /* Frameworks */ = {
			isa = PBXFrameworksBuildPhase;
			buildActionMask = 2147483647;
			files = (
			);
			runOnlyForDeploymentPostprocessing = 0;
		};
		A73818802D9DF2C2004166AB /* Frameworks */ = {
			isa = PBXFrameworksBuildPhase;
			buildActionMask = 2147483647;
			files = (
			);
			runOnlyForDeploymentPostprocessing = 0;
		};
/* End PBXFrameworksBuildPhase section */

/* Begin PBXGroup section */
		A73818602D9DF2C1004166AB = {
			isa = PBXGroup;
			children = (
				A738186B2D9DF2C1004166AB /* ProjetoFinal */,
				A738187C2D9DF2C2004166AB /* ProjetoFinalTests */,
				A73818862D9DF2C2004166AB /* ProjetoFinalUITests */,
				A738186A2D9DF2C1004166AB /* Products */,
			);
			sourceTree = "<group>";
		};
		A738186A2D9DF2C1004166AB /* Products */ = {
			isa = PBXGroup;
			children = (
				A73818692D9DF2C1004166AB /* ProjetoFinal.app */,
				A73818792D9DF2C2004166AB /* ProjetoFinalTests.xctest */,
				A73818832D9DF2C2004166AB /* ProjetoFinalUITests.xctest */,
			);
			name = Products;
			sourceTree = "<group>";
		};
		A738186B2D9DF2C1004166AB /* ProjetoFinal */ = {
			isa = PBXGroup;
			children = (
				A73818962D9E043F004166AB /* Paginas */,
				A738186C2D9DF2C1004166AB /* ProjetoFinalApp.swift */,
				A73818702D9DF2C2004166AB /* Assets.xcassets */,
				A73818722D9DF2C2004166AB /* Preview Content */,
			);
			path = ProjetoFinal;
			sourceTree = "<group>";
		};
		A73818722D9DF2C2004166AB /* Preview Content */ = {
			isa = PBXGroup;
			children = (
				A73818732D9DF2C2004166AB /* Preview Assets.xcassets */,
			);
			path = "Preview Content";
			sourceTree = "<group>";
		};
		A738187C2D9DF2C2004166AB /* ProjetoFinalTests */ = {
			isa = PBXGroup;
			children = (
				A738187D2D9DF2C2004166AB /* ProjetoFinalTests.swift */,
			);
			path = ProjetoFinalTests;
			sourceTree = "<group>";
		};
		A73818862D9DF2C2004166AB /* ProjetoFinalUITests */ = {
			isa = PBXGroup;
			children = (
				A73818872D9DF2C2004166AB /* ProjetoFinalUITests.swift */,
				A73818892D9DF2C2004166AB /* ProjetoFinalUITestsLaunchTests.swift */,
			);
			path = ProjetoFinalUITests;
			sourceTree = "<group>";
		};
		A73818962D9E043F004166AB /* Paginas */ = {
			isa = PBXGroup;
			children = (
				A738186E2D9DF2C1004166AB /* ContentView.swift */,
				A73818972D9E0455004166AB /* Gastos.swift */,
				A73818992D9E04BE004166AB /* Ganhos.swift */,
				A738189B2D9E04ED004166AB /* Graficos.swift */,
			);
			path = Paginas;
			sourceTree = "<group>";
		};
/* End PBXGroup section */

/* Begin PBXNativeTarget section */
		A73818682D9DF2C1004166AB /* ProjetoFinal */ = {
			isa = PBXNativeTarget;
			buildConfigurationList = A738188D2D9DF2C2004166AB /* Build configuration list for PBXNativeTarget "ProjetoFinal" */;
			buildPhases = (
				A73818652D9DF2C1004166AB /* Sources */,
				A73818662D9DF2C1004166AB /* Frameworks */,
				A73818672D9DF2C1004166AB /* Resources */,
			);
			buildRules = (
			);
			dependencies = (
			);
			name = ProjetoFinal;
			productName = ProjetoFinal;
			productReference = A73818692D9DF2C1004166AB /* ProjetoFinal.app */;
			productType = "com.apple.product-type.application";
		};
		A73818782D9DF2C2004166AB /* ProjetoFinalTests */ = {
			isa = PBXNativeTarget;
			buildConfigurationList = A73818902D9DF2C2004166AB /* Build configuration list for PBXNativeTarget "ProjetoFinalTests" */;
			buildPhases = (
				A73818752D9DF2C2004166AB /* Sources */,
				A73818762D9DF2C2004166AB /* Frameworks */,
				A73818772D9DF2C2004166AB /* Resources */,
			);
			buildRules = (
			);
			dependencies = (
				A738187B2D9DF2C2004166AB /* PBXTargetDependency */,
			);
			name = ProjetoFinalTests;
			productName = ProjetoFinalTests;
			productReference = A73818792D9DF2C2004166AB /* ProjetoFinalTests.xctest */;
			productType = "com.apple.product-type.bundle.unit-test";
		};
		A73818822D9DF2C2004166AB /* ProjetoFinalUITests */ = {
			isa = PBXNativeTarget;
			buildConfigurationList = A73818932D9DF2C2004166AB /* Build configuration list for PBXNativeTarget "ProjetoFinalUITests" */;
			buildPhases = (
				A738187F2D9DF2C2004166AB /* Sources */,
				A73818802D9DF2C2004166AB /* Frameworks */,
				A73818812D9DF2C2004166AB /* Resources */,
			);
			buildRules = (
			);
			dependencies = (
				A73818852D9DF2C2004166AB /* PBXTargetDependency */,
			);
			name = ProjetoFinalUITests;
			productName = ProjetoFinalUITests;
			productReference = A73818832D9DF2C2004166AB /* ProjetoFinalUITests.xctest */;
			productType = "com.apple.product-type.bundle.ui-testing";
		};
/* End PBXNativeTarget section */

/* Begin PBXProject section */
		A73818612D9DF2C1004166AB /* Project object */ = {
			isa = PBXProject;
			attributes = {
				BuildIndependentTargetsInParallel = 1;
				LastSwiftUpdateCheck = 1540;
				LastUpgradeCheck = 1540;
				TargetAttributes = {
					A73818682D9DF2C1004166AB = {
						CreatedOnToolsVersion = 15.4;
					};
					A73818782D9DF2C2004166AB = {
						CreatedOnToolsVersion = 15.4;
						TestTargetID = A73818682D9DF2C1004166AB;
					};
					A73818822D9DF2C2004166AB = {
						CreatedOnToolsVersion = 15.4;
						TestTargetID = A73818682D9DF2C1004166AB;
					};
				};
			};
			buildConfigurationList = A73818642D9DF2C1004166AB /* Build configuration list for PBXProject "ProjetoFinal" */;
			compatibilityVersion = "Xcode 14.0";
			developmentRegion = en;
			hasScannedForEncodings = 0;
			knownRegions = (
				en,
				Base,
			);
			mainGroup = A73818602D9DF2C1004166AB;
			productRefGroup = A738186A2D9DF2C1004166AB /* Products */;
			projectDirPath = "";
			projectRoot = "";
			targets = (
				A73818682D9DF2C1004166AB /* ProjetoFinal */,
				A73818782D9DF2C2004166AB /* ProjetoFinalTests */,
				A73818822D9DF2C2004166AB /* ProjetoFinalUITests */,
			);
		};
/* End PBXProject section */

/* Begin PBXResourcesBuildPhase section */
		A73818672D9DF2C1004166AB /* Resources */ = {
			isa = PBXResourcesBuildPhase;
			buildActionMask = 2147483647;
			files = (
				A73818742D9DF2C2004166AB /* Preview Assets.xcassets in Resources */,
				A73818712D9DF2C2004166AB /* Assets.xcassets in Resources */,
			);
			runOnlyForDeploymentPostprocessing = 0;
		};
		A73818772D9DF2C2004166AB /* Resources */ = {
			isa = PBXResourcesBuildPhase;
			buildActionMask = 2147483647;
			files = (
			);
			runOnlyForDeploymentPostprocessing = 0;
		};
		A73818812D9DF2C2004166AB /* Resources */ = {
			isa = PBXResourcesBuildPhase;
			buildActionMask = 2147483647;
			files = (
			);
			runOnlyForDeploymentPostprocessing = 0;
		};
/* End PBXResourcesBuildPhase section */

/* Begin PBXSourcesBuildPhase section */
		A73818652D9DF2C1004166AB /* Sources */ = {
			isa = PBXSourcesBuildPhase;
			buildActionMask = 2147483647;
			files = (
				A73818982D9E0455004166AB /* Gastos.swift in Sources */,
				A738189C2D9E04ED004166AB /* Graficos.swift in Sources */,
				A738186F2D9DF2C1004166AB /* ContentView.swift in Sources */,
				A738186D2D9DF2C1004166AB /* ProjetoFinalApp.swift in Sources */,
				A738189A2D9E04BE004166AB /* Ganhos.swift in Sources */,
			);
			runOnlyForDeploymentPostprocessing = 0;
		};
		A73818752D9DF2C2004166AB /* Sources */ = {
			isa = PBXSourcesBuildPhase;
			buildActionMask = 2147483647;
			files = (
				A738187E2D9DF2C2004166AB /* ProjetoFinalTests.swift in Sources */,
			);
			runOnlyForDeploymentPostprocessing = 0;
		};
		A738187F2D9DF2C2004166AB /* Sources */ = {
			isa = PBXSourcesBuildPhase;
			buildActionMask = 2147483647;
			files = (
				A73818882D9DF2C2004166AB /* ProjetoFinalUITests.swift in Sources */,
				A738188A2D9DF2C2004166AB /* ProjetoFinalUITestsLaunchTests.swift in Sources */,
			);
			runOnlyForDeploymentPostprocessing = 0;
		};
/* End PBXSourcesBuildPhase section */

/* Begin PBXTargetDependency section */
		A738187B2D9DF2C2004166AB /* PBXTargetDependency */ = {
			isa = PBXTargetDependency;
			target = A73818682D9DF2C1004166AB /* ProjetoFinal */;
			targetProxy = A738187A2D9DF2C2004166AB /* PBXContainerItemProxy */;
		};
		A73818852D9DF2C2004166AB /* PBXTargetDependency */ = {
			isa = PBXTargetDependency;
			target = A73818682D9DF2C1004166AB /* ProjetoFinal */;
			targetProxy = A73818842D9DF2C2004166AB /* PBXContainerItemProxy */;
		};
/* End PBXTargetDependency section */

/* Begin XCBuildConfiguration section */
		A738188B2D9DF2C2004166AB /* Debug */ = {
			isa = XCBuildConfiguration;
			buildSettings = {
				ALWAYS_SEARCH_USER_PATHS = NO;
				ASSETCATALOG_COMPILER_GENERATE_SWIFT_ASSET_SYMBOL_EXTENSIONS = YES;
				CLANG_ANALYZER_NONNULL = YES;
				CLANG_ANALYZER_NUMBER_OBJECT_CONVERSION = YES_AGGRESSIVE;
				CLANG_CXX_LANGUAGE_STANDARD = "gnu++20";
				CLANG_ENABLE_MODULES = YES;
				CLANG_ENABLE_OBJC_ARC = YES;
				CLANG_ENABLE_OBJC_WEAK = YES;
				CLANG_WARN_BLOCK_CAPTURE_AUTORELEASING = YES;
				CLANG_WARN_BOOL_CONVERSION = YES;
				CLANG_WARN_COMMA = YES;
				CLANG_WARN_CONSTANT_CONVERSION = YES;
				CLANG_WARN_DEPRECATED_OBJC_IMPLEMENTATIONS = YES;
				CLANG_WARN_DIRECT_OBJC_ISA_USAGE = YES_ERROR;
				CLANG_WARN_DOCUMENTATION_COMMENTS = YES;
				CLANG_WARN_EMPTY_BODY = YES;
				CLANG_WARN_ENUM_CONVERSION = YES;
				CLANG_WARN_INFINITE_RECURSION = YES;
				CLANG_WARN_INT_CONVERSION = YES;
				CLANG_WARN_NON_LITERAL_NULL_CONVERSION = YES;
				CLANG_WARN_OBJC_IMPLICIT_RETAIN_SELF = YES;
				CLANG_WARN_OBJC_LITERAL_CONVERSION = YES;
				CLANG_WARN_OBJC_ROOT_CLASS = YES_ERROR;
				CLANG_WARN_QUOTED_INCLUDE_IN_FRAMEWORK_HEADER = YES;
				CLANG_WARN_RANGE_LOOP_ANALYSIS = YES;
				CLANG_WARN_STRICT_PROTOTYPES = YES;
				CLANG_WARN_SUSPICIOUS_MOVE = YES;
				CLANG_WARN_UNGUARDED_AVAILABILITY = YES_AGGRESSIVE;
				CLANG_WARN_UNREACHABLE_CODE = YES;
				CLANG_WARN__DUPLICATE_METHOD_MATCH = YES;
				COPY_PHASE_STRIP = NO;
				DEBUG_INFORMATION_FORMAT = dwarf;
				ENABLE_STRICT_OBJC_MSGSEND = YES;
				ENABLE_TESTABILITY = YES;
				ENABLE_USER_SCRIPT_SANDBOXING = YES;
				GCC_C_LANGUAGE_STANDARD = gnu17;
				GCC_DYNAMIC_NO_PIC = NO;
				GCC_NO_COMMON_BLOCKS = YES;
				GCC_OPTIMIZATION_LEVEL = 0;
				GCC_PREPROCESSOR_DEFINITIONS = (
					"DEBUG=1",
					"$(inherited)",
				);
				GCC_WARN_64_TO_32_BIT_CONVERSION = YES;
				GCC_WARN_ABOUT_RETURN_TYPE = YES_ERROR;
				GCC_WARN_UNDECLARED_SELECTOR = YES;
				GCC_WARN_UNINITIALIZED_AUTOS = YES_AGGRESSIVE;
				GCC_WARN_UNUSED_FUNCTION = YES;
				GCC_WARN_UNUSED_VARIABLE = YES;
				IPHONEOS_DEPLOYMENT_TARGET = 17.5;
				LOCALIZATION_PREFERS_STRING_CATALOGS = YES;
				MTL_ENABLE_DEBUG_INFO = INCLUDE_SOURCE;
				MTL_FAST_MATH = YES;
				ONLY_ACTIVE_ARCH = YES;
				SDKROOT = iphoneos;
				SWIFT_ACTIVE_COMPILATION_CONDITIONS = "DEBUG $(inherited)";
				SWIFT_OPTIMIZATION_LEVEL = "-Onone";
			};
			name = Debug;
		};
		A738188C2D9DF2C2004166AB /* Release */ = {
			isa = XCBuildConfiguration;
			buildSettings = {
				ALWAYS_SEARCH_USER_PATHS = NO;
				ASSETCATALOG_COMPILER_GENERATE_SWIFT_ASSET_SYMBOL_EXTENSIONS = YES;
				CLANG_ANALYZER_NONNULL = YES;
				CLANG_ANALYZER_NUMBER_OBJECT_CONVERSION = YES_AGGRESSIVE;
				CLANG_CXX_LANGUAGE_STANDARD = "gnu++20";
				CLANG_ENABLE_MODULES = YES;
				CLANG_ENABLE_OBJC_ARC = YES;
				CLANG_ENABLE_OBJC_WEAK = YES;
				CLANG_WARN_BLOCK_CAPTURE_AUTORELEASING = YES;
				CLANG_WARN_BOOL_CONVERSION = YES;
				CLANG_WARN_COMMA = YES;
				CLANG_WARN_CONSTANT_CONVERSION = YES;
				CLANG_WARN_DEPRECATED_OBJC_IMPLEMENTATIONS = YES;
				CLANG_WARN_DIRECT_OBJC_ISA_USAGE = YES_ERROR;
				CLANG_WARN_DOCUMENTATION_COMMENTS = YES;
				CLANG_WARN_EMPTY_BODY = YES;
				CLANG_WARN_ENUM_CONVERSION = YES;
				CLANG_WARN_INFINITE_RECURSION = YES;
				CLANG_WARN_INT_CONVERSION = YES;
				CLANG_WARN_NON_LITERAL_NULL_CONVERSION = YES;
				CLANG_WARN_OBJC_IMPLICIT_RETAIN_SELF = YES;
				CLANG_WARN_OBJC_LITERAL_CONVERSION = YES;
				CLANG_WARN_OBJC_ROOT_CLASS = YES_ERROR;
				CLANG_WARN_QUOTED_INCLUDE_IN_FRAMEWORK_HEADER = YES;
				CLANG_WARN_RANGE_LOOP_ANALYSIS = YES;
				CLANG_WARN_STRICT_PROTOTYPES = YES;
				CLANG_WARN_SUSPICIOUS_MOVE = YES;
				CLANG_WARN_UNGUARDED_AVAILABILITY = YES_AGGRESSIVE;
				CLANG_WARN_UNREACHABLE_CODE = YES;
				CLANG_WARN__DUPLICATE_METHOD_MATCH = YES;
				COPY_PHASE_STRIP = NO;
				DEBUG_INFORMATION_FORMAT = "dwarf-with-dsym";
				ENABLE_NS_ASSERTIONS = NO;
				ENABLE_STRICT_OBJC_MSGSEND = YES;
				ENABLE_USER_SCRIPT_SANDBOXING = YES;
				GCC_C_LANGUAGE_STANDARD = gnu17;
				GCC_NO_COMMON_BLOCKS = YES;
				GCC_WARN_64_TO_32_BIT_CONVERSION = YES;
				GCC_WARN_ABOUT_RETURN_TYPE = YES_ERROR;
				GCC_WARN_UNDECLARED_SELECTOR = YES;
				GCC_WARN_UNINITIALIZED_AUTOS = YES_AGGRESSIVE;
				GCC_WARN_UNUSED_FUNCTION = YES;
				GCC_WARN_UNUSED_VARIABLE = YES;
				IPHONEOS_DEPLOYMENT_TARGET = 17.5;
				LOCALIZATION_PREFERS_STRING_CATALOGS = YES;
				MTL_ENABLE_DEBUG_INFO = NO;
				MTL_FAST_MATH = YES;
				SDKROOT = iphoneos;
				SWIFT_COMPILATION_MODE = wholemodule;
				VALIDATE_PRODUCT = YES;
			};
			name = Release;
		};
		A738188E2D9DF2C2004166AB /* Debug */ = {
			isa = XCBuildConfiguration;
			buildSettings = {
				ASSETCATALOG_COMPILER_APPICON_NAME = AppIcon;
				ASSETCATALOG_COMPILER_GLOBAL_ACCENT_COLOR_NAME = AccentColor;
				CODE_SIGN_STYLE = Automatic;
				CURRENT_PROJECT_VERSION = 1;
				DEVELOPMENT_ASSET_PATHS = "\"ProjetoFinal/Preview Content\"";
				ENABLE_PREVIEWS = YES;
				GENERATE_INFOPLIST_FILE = YES;
				INFOPLIST_KEY_UIApplicationSceneManifest_Generation = YES;
				INFOPLIST_KEY_UIApplicationSupportsIndirectInputEvents = YES;
				INFOPLIST_KEY_UILaunchScreen_Generation = YES;
				INFOPLIST_KEY_UISupportedInterfaceOrientations_iPad = "UIInterfaceOrientationPortrait UIInterfaceOrientationPortraitUpsideDown UIInterfaceOrientationLandscapeLeft UIInterfaceOrientationLandscapeRight";
				INFOPLIST_KEY_UISupportedInterfaceOrientations_iPhone = "UIInterfaceOrientationPortrait UIInterfaceOrientationLandscapeLeft UIInterfaceOrientationLandscapeRight";
				LD_RUNPATH_SEARCH_PATHS = (
					"$(inherited)",
					"@executable_path/Frameworks",
				);
				MARKETING_VERSION = 1.0;
				PRODUCT_BUNDLE_IDENTIFIER = laura.persilva.ProjetoFinal;
				PRODUCT_NAME = "$(TARGET_NAME)";
				SWIFT_EMIT_LOC_STRINGS = YES;
				SWIFT_VERSION = 5.0;
				TARGETED_DEVICE_FAMILY = "1,2";
			};
			name = Debug;
		};
		A738188F2D9DF2C2004166AB /* Release */ = {
			isa = XCBuildConfiguration;
			buildSettings = {
				ASSETCATALOG_COMPILER_APPICON_NAME = AppIcon;
				ASSETCATALOG_COMPILER_GLOBAL_ACCENT_COLOR_NAME = AccentColor;
				CODE_SIGN_STYLE = Automatic;
				CURRENT_PROJECT_VERSION = 1;
				DEVELOPMENT_ASSET_PATHS = "\"ProjetoFinal/Preview Content\"";
				ENABLE_PREVIEWS = YES;
				GENERATE_INFOPLIST_FILE = YES;
				INFOPLIST_KEY_UIApplicationSceneManifest_Generation = YES;
				INFOPLIST_KEY_UIApplicationSupportsIndirectInputEvents = YES;
				INFOPLIST_KEY_UILaunchScreen_Generation = YES;
				INFOPLIST_KEY_UISupportedInterfaceOrientations_iPad = "UIInterfaceOrientationPortrait UIInterfaceOrientationPortraitUpsideDown UIInterfaceOrientationLandscapeLeft UIInterfaceOrientationLandscapeRight";
				INFOPLIST_KEY_UISupportedInterfaceOrientations_iPhone = "UIInterfaceOrientationPortrait UIInterfaceOrientationLandscapeLeft UIInterfaceOrientationLandscapeRight";
				LD_RUNPATH_SEARCH_PATHS = (
					"$(inherited)",
					"@executable_path/Frameworks",
				);
				MARKETING_VERSION = 1.0;
				PRODUCT_BUNDLE_IDENTIFIER = laura.persilva.ProjetoFinal;
				PRODUCT_NAME = "$(TARGET_NAME)";
				SWIFT_EMIT_LOC_STRINGS = YES;
				SWIFT_VERSION = 5.0;
				TARGETED_DEVICE_FAMILY = "1,2";
			};
			name = Release;
		};
		A73818912D9DF2C2004166AB /* Debug */ = {
			isa = XCBuildConfiguration;
			buildSettings = {
				ALWAYS_EMBED_SWIFT_STANDARD_LIBRARIES = YES;
				BUNDLE_LOADER = "$(TEST_HOST)";
				CODE_SIGN_STYLE = Automatic;
				CURRENT_PROJECT_VERSION = 1;
				GENERATE_INFOPLIST_FILE = YES;
				IPHONEOS_DEPLOYMENT_TARGET = 17.5;
				MARKETING_VERSION = 1.0;
				PRODUCT_BUNDLE_IDENTIFIER = laura.persilva.ProjetoFinalTests;
				PRODUCT_NAME = "$(TARGET_NAME)";
				SWIFT_EMIT_LOC_STRINGS = NO;
				SWIFT_VERSION = 5.0;
				TARGETED_DEVICE_FAMILY = "1,2";
				TEST_HOST = "$(BUILT_PRODUCTS_DIR)/ProjetoFinal.app/$(BUNDLE_EXECUTABLE_FOLDER_PATH)/ProjetoFinal";
			};
			name = Debug;
		};
		A73818922D9DF2C2004166AB /* Release */ = {
			isa = XCBuildConfiguration;
			buildSettings = {
				ALWAYS_EMBED_SWIFT_STANDARD_LIBRARIES = YES;
				BUNDLE_LOADER = "$(TEST_HOST)";
				CODE_SIGN_STYLE = Automatic;
				CURRENT_PROJECT_VERSION = 1;
				GENERATE_INFOPLIST_FILE = YES;
				IPHONEOS_DEPLOYMENT_TARGET = 17.5;
				MARKETING_VERSION = 1.0;
				PRODUCT_BUNDLE_IDENTIFIER = laura.persilva.ProjetoFinalTests;
				PRODUCT_NAME = "$(TARGET_NAME)";
				SWIFT_EMIT_LOC_STRINGS = NO;
				SWIFT_VERSION = 5.0;
				TARGETED_DEVICE_FAMILY = "1,2";
				TEST_HOST = "$(BUILT_PRODUCTS_DIR)/ProjetoFinal.app/$(BUNDLE_EXECUTABLE_FOLDER_PATH)/ProjetoFinal";
			};
			name = Release;
		};
		A73818942D9DF2C2004166AB /* Debug */ = {
			isa = XCBuildConfiguration;
			buildSettings = {
				ALWAYS_EMBED_SWIFT_STANDARD_LIBRARIES = YES;
				CODE_SIGN_STYLE = Automatic;
				CURRENT_PROJECT_VERSION = 1;
				GENERATE_INFOPLIST_FILE = YES;
				MARKETING_VERSION = 1.0;
				PRODUCT_BUNDLE_IDENTIFIER = laura.persilva.ProjetoFinalUITests;
				PRODUCT_NAME = "$(TARGET_NAME)";
				SWIFT_EMIT_LOC_STRINGS = NO;
				SWIFT_VERSION = 5.0;
				TARGETED_DEVICE_FAMILY = "1,2";
				TEST_TARGET_NAME = ProjetoFinal;
			};
			name = Debug;
		};
		A73818952D9DF2C2004166AB /* Release */ = {
			isa = XCBuildConfiguration;
			buildSettings = {
				ALWAYS_EMBED_SWIFT_STANDARD_LIBRARIES = YES;
				CODE_SIGN_STYLE = Automatic;
				CURRENT_PROJECT_VERSION = 1;
				GENERATE_INFOPLIST_FILE = YES;
				MARKETING_VERSION = 1.0;
				PRODUCT_BUNDLE_IDENTIFIER = laura.persilva.ProjetoFinalUITests;
				PRODUCT_NAME = "$(TARGET_NAME)";
				SWIFT_EMIT_LOC_STRINGS = NO;
				SWIFT_VERSION = 5.0;
				TARGETED_DEVICE_FAMILY = "1,2";
				TEST_TARGET_NAME = ProjetoFinal;
			};
			name = Release;
		};
/* End XCBuildConfiguration section */

/* Begin XCConfigurationList section */
		A73818642D9DF2C1004166AB /* Build configuration list for PBXProject "ProjetoFinal" */ = {
			isa = XCConfigurationList;
			buildConfigurations = (
				A738188B2D9DF2C2004166AB /* Debug */,
				A738188C2D9DF2C2004166AB /* Release */,
			);
			defaultConfigurationIsVisible = 0;
			defaultConfigurationName = Release;
		};
		A738188D2D9DF2C2004166AB /* Build configuration list for PBXNativeTarget "ProjetoFinal" */ = {
			isa = XCConfigurationList;
			buildConfigurations = (
				A738188E2D9DF2C2004166AB /* Debug */,
				A738188F2D9DF2C2004166AB /* Release */,
			);
			defaultConfigurationIsVisible = 0;
			defaultConfigurationName = Release;
		};
		A73818902D9DF2C2004166AB /* Build configuration list for PBXNativeTarget "ProjetoFinalTests" */ = {
			isa = XCConfigurationList;
			buildConfigurations = (
				A73818912D9DF2C2004166AB /* Debug */,
				A73818922D9DF2C2004166AB /* Release */,
			);
			defaultConfigurationIsVisible = 0;
			defaultConfigurationName = Release;
		};
		A73818932D9DF2C2004166AB /* Build configuration list for PBXNativeTarget "ProjetoFinalUITests" */ = {
			isa = XCConfigurationList;
			buildConfigurations = (
				A73818942D9DF2C2004166AB /* Debug */,
				A73818952D9DF2C2004166AB /* Release */,
			);
			defaultConfigurationIsVisible = 0;
			defaultConfigurationName = Release;
		};
/* End XCConfigurationList section */
	};
	rootObject = A73818612D9DF2C1004166AB /* Project object */;
}
